# This file was autogenerated by Stack.
# You should not edit this file by hand.
# For more information, please see the documentation at:
#   https://docs.haskellstack.org/en/stable/lock_files

packages:
- completed:
    hackage: gi-gtk-3.0.41@sha256:61dbfd271731fe3b3dcd25247451b40650743d0f537ed96778e3397aadb8cd63,40182
    pantry-tree:
      sha256: 02180fae605916af45961f7aea20d17bffd7e6d0e060ffbcb214847311150b24
      size: 359
  original:
    hackage: gi-gtk-3.0.41
- completed:
    hackage: haskell-gi-0.26.7@sha256:c9e3b135220899034d05e9cd67395f9aead797753a596b4f5298ff734a1837d9,5184
    pantry-tree:
      sha256: 3c306da3dcf5a2e1684f905cd468c660df9ff06e4c88c2a3ac2aeac9fbd74161
      size: 4270
  original:
    hackage: haskell-gi-0.26.7
- completed:
    hackage: void-0.7.3@sha256:13d30f62fcdf065e595d679d4ac8b4b0c1bb1a1b73db7b5b5a8f857cb5c8a546,1857
    pantry-tree:
      sha256: 5730b45e857424c97d24ee1cf530be1fc782cd000221ac97b5568be886cbbc2b
      size: 584
  original:
    hackage: void-0.7.3
- completed:
    hackage: gi-gdk-3.0.28@sha256:744de92384ab26932c205b6a6bcd5f3f5a89ebbb222d5a1d5bdd52a4cf21ece2,8991
    pantry-tree:
      sha256: b26caf13ab102ecabc4c64fb05d73b0f07be49a48cdd5ed89788adfed3c783b0
      size: 356
  original:
    hackage: gi-gdk-3.0.28
- completed:
    hackage: haddock-api-2.27.0@sha256:3cd85ab0a73705623f2f54e36cb60c922a0b37ef057e0f59d4ffb31e13daf86a,6156
    pantry-tree:
      sha256: 0dfec64bf7fff73465c8efe029f96c67159545829cd61d168d691721655ddf2b
      size: 4598
  original:
    hackage: haddock-api-2.27.0
snapshots:
- completed:
    sha256: 97710f56bf093fca0ee5d8dbe19d96b654c752e405b66795b4baedd84a794c60
    size: 640010
    url: https://raw.githubusercontent.com/commercialhaskell/stackage-snapshots/master/lts/21/3.yaml
  original: lts-21.3
